{
  "name": "react18suspenseissue",
  "version": "1.0.0",
  "lockfileVersion": 2,
  "requires": true,
  "packages": {
    "": {
      "name": "react18suspenseissue",
      "version": "1.0.0",
      "dependencies": {
        "cors": "^2.8.5",
        "next": "^12.1.5-canary.3",
        "react": "^18.1.0-next-fc47cb1b6-20220404",
        "react-dom": "^18.1.0-next-fc47cb1b6-20220404",
        "swr": "^1.2.2"
      }
    },
    "node_modules/@next/env": {
      "version": "12.1.5-canary.3",
      "resolved": "https://registry.npmjs.org/@next/env/-/env-12.1.5-canary.3.tgz",
      "integrity": "sha512-8oxgSPYaoGY1AyCHKJIsyPoWM+LEimnxLnw0q5yfT+SEY7E8/vCcQRmZtn9SgijIc0t0wDHlYtVD0L9DCB8usg=="
    },
    "node_modules/@next/swc-android-arm-eabi": {
      "version": "12.1.5-canary.3",
      "resolved": "https://registry.npmjs.org/@next/swc-android-arm-eabi/-/swc-android-arm-eabi-12.1.5-canary.3.tgz",
      "integrity": "sha512-EI7L9+1r29AHSUMdv+Kd9uqUQ8X+MeNwkmuDaEqCS36iHiKXmTL+t4gnMMCYGU0T07yKwku3RydDhpk4NzXyYw==",
      "cpu": [
        "arm"
      ],
      "optional": true,
      "os": [
        "android"
      ],
      "engines": {
        "node": ">= 10"
      }
    },
    "node_modules/@next/swc-android-arm64": {
      "version": "12.1.5-canary.3",
      "resolved": "https://registry.npmjs.org/@next/swc-android-arm64/-/swc-android-arm64-12.1.5-canary.3.tgz",
      "integrity": "sha512-1C0UP4CNDfunsdjJ1h8ByhO5Rda+CJwRI4/3m8lnYp1QekCi5l5GB3uXRTA584fu9iQUV0m4AwqJjbJy2XRZGw==",
      "cpu": [
        "arm64"
      ],
      "optional": true,
      "os": [
        "android"
      ],
      "engines": {
        "node": ">= 10"
      }
    },
    "node_modules/@next/swc-darwin-arm64": {
      "version": "12.1.5-canary.3",
      "resolved": "https://registry.npmjs.org/@next/swc-darwin-arm64/-/swc-darwin-arm64-12.1.5-canary.3.tgz",
      "integrity": "sha512-0/tGblqyomguI0zcSPE+dThYAUzGt8eEiHiq227dGeBI3L/DJli7O9uzY2N1PR7qXMuSI6dioc5dqRtAXT886Q==",
      "cpu": [
        "arm64"
      ],
      "optional": true,
      "os": [
        "darwin"
      ],
      "engines": {
        "node": ">= 10"
      }
    },
    "node_modules/@next/swc-darwin-x64": {
      "version": "12.1.5-canary.3",
      "resolved": "https://registry.npmjs.org/@next/swc-darwin-x64/-/swc-darwin-x64-12.1.5-canary.3.tgz",
      "integrity": "sha512-cD/wT73vnx8BpgGTH0qpN8N+MAWjQjLuzhjK68uFlBNQ4YBB9/CiJSlp+bBjLRllw3tMcFmDNKqpn/hLE2sjGg==",
      "cpu": [
        "x64"
      ],
      "optional": true,
      "os": [
        "darwin"
      ],
      "engines": {
        "node": ">= 10"
      }
    },
    "node_modules/@next/swc-linux-arm-gnueabihf": {
      "version": "12.1.5-canary.3",
      "resolved": "https://registry.npmjs.org/@next/swc-linux-arm-gnueabihf/-/swc-linux-arm-gnueabihf-12.1.5-canary.3.tgz",
      "integrity": "sha512-9lWDlhrXJLY2pku/qP8MTqsLRO7eR62kbr+N5UvKXuUCuiky3DoSBL0ppWSBlKTS7mftZjy8AmX5GKPq3KQOCQ==",
      "cpu": [
        "arm"
      ],
      "optional": true,
      "os": [
        "linux"
      ],
      "engines": {
        "node": ">= 10"
      }
    },
    "node_modules/@next/swc-linux-arm64-gnu": {
      "version": "12.1.5-canary.3",
      "resolved": "https://registry.npmjs.org/@next/swc-linux-arm64-gnu/-/swc-linux-arm64-gnu-12.1.5-canary.3.tgz",
      "integrity": "sha512-BhVlu7WYQYqadtex5wQdNE2WPvnkZjkvt6ZDD+lr9BnddxjUqnG0cpSCwyaYMUwib2efRslCaDAElkfTwWH6Gw==",
      "cpu": [
        "arm64"
      ],
      "optional": true,
      "os": [
        "linux"
      ],
      "engines": {
        "node": ">= 10"
      }
    },
    "node_modules/@next/swc-linux-arm64-musl": {
      "version": "12.1.5-canary.3",
      "resolved": "https://registry.npmjs.org/@next/swc-linux-arm64-musl/-/swc-linux-arm64-musl-12.1.5-canary.3.tgz",
      "integrity": "sha512-iULGOQHYEgcaXE4aXuH7/KlOk2SPBUNIQC2HlqS3qMoW8T8I+v4cIz6B6S1uywXjaJD/RGKiDNsNX8w5gUGIZA==",
      "cpu": [
        "arm64"
      ],
      "optional": true,
      "os": [
        "linux"
      ],
      "engines": {
        "node": ">= 10"
      }
    },
    "node_modules/@next/swc-linux-x64-gnu": {
      "version": "12.1.5-canary.3",
      "resolved": "https://registry.npmjs.org/@next/swc-linux-x64-gnu/-/swc-linux-x64-gnu-12.1.5-canary.3.tgz",
      "integrity": "sha512-1FztGThf+Q6sB+jDnwsFB25kdKFSDSQy9OmnYguf+KbDcDoDDcTLsulGhZ7F2/eIOI6/QW6OM3q2OdI3JseYpg==",
      "cpu": [
        "x64"
      ],
      "optional": true,
      "os": [
        "linux"
      ],
      "engines": {
        "node": ">= 10"
      }
    },
    "node_modules/@next/swc-linux-x64-musl": {
      "version": "12.1.5-canary.3",
      "resolved": "https://registry.npmjs.org/@next/swc-linux-x64-musl/-/swc-linux-x64-musl-12.1.5-canary.3.tgz",
      "integrity": "sha512-XPEbvsa9uZc8gBI1ytNrxRAw8PhazckeYtDMggeqDTSQznCp9ba+dZ7CzCHHpf9X0HVRqQdF1MZ7Y52ji3PH8Q==",
      "cpu": [
        "x64"
      ],
      "optional": true,
      "os": [
        "linux"
      ],
      "engines": {
        "node": ">= 10"
      }
    },
    "node_modules/@next/swc-win32-arm64-msvc": {
      "version": "12.1.5-canary.3",
      "resolved": "https://registry.npmjs.org/@next/swc-win32-arm64-msvc/-/swc-win32-arm64-msvc-12.1.5-canary.3.tgz",
      "integrity": "sha512-1ehsnGq+DB5Ncd6aUjYl9+9DR/qvbR6BwMtSwvkOx4ZrrNyzP5CxH/wYtmevc5Rb9MovN+IphYUUuQELvwsIPQ==",
      "cpu": [
        "arm64"
      ],
      "optional": true,
      "os": [
        "win32"
      ],
      "engines": {
        "node": ">= 10"
      }
    },
    "node_modules/@next/swc-win32-ia32-msvc": {
      "version": "12.1.5-canary.3",
      "resolved": "https://registry.npmjs.org/@next/swc-win32-ia32-msvc/-/swc-win32-ia32-msvc-12.1.5-canary.3.tgz",
      "integrity": "sha512-5R/MLYxGNHisQOSd9vQCJL9qwGq6P9dN6k4ZtIa3z2r//bCRNPjNK7odMSasamMmzMD9e8N6k601U01K2rh4BQ==",
      "cpu": [
        "ia32"
      ],
      "optional": true,
      "os": [
        "win32"
      ],
      "engines": {
        "node": ">= 10"
      }
    },
    "node_modules/@next/swc-win32-x64-msvc": {
      "version": "12.1.5-canary.3",
      "resolved": "https://registry.npmjs.org/@next/swc-win32-x64-msvc/-/swc-win32-x64-msvc-12.1.5-canary.3.tgz",
      "integrity": "sha512-xTASNc87iWMtNdpyKgTm91Z4+1EzkQH9K2HmktkyPYtGP5ZzIbvzUQ64TzFo+XemtOrTlYsTuagpEB0fouXD6w==",
      "cpu": [
        "x64"
      ],
      "optional": true,
      "os": [
        "win32"
      ],
      "engines": {
        "node": ">= 10"
      }
    },
    "node_modules/caniuse-lite": {
      "version": "1.0.30001322",
      "resolved": "https://registry.npmjs.org/caniuse-lite/-/caniuse-lite-1.0.30001322.tgz",
      "integrity": "sha512-neRmrmIrCGuMnxGSoh+x7zYtQFFgnSY2jaomjU56sCkTA6JINqQrxutF459JpWcWRajvoyn95sOXq4Pqrnyjew==",
      "funding": [
        {
          "type": "opencollective",
          "url": "https://opencollective.com/browserslist"
        },
        {
          "type": "tidelift",
          "url": "https://tidelift.com/funding/github/npm/caniuse-lite"
        }
      ]
    },
    "node_modules/cors": {
      "version": "2.8.5",
      "resolved": "https://registry.npmjs.org/cors/-/cors-2.8.5.tgz",
      "integrity": "sha512-KIHbLJqu73RGr/hnbrO9uBeixNGuvSQjul/jdFvS/KFSIH1hWVd1ng7zOHx+YrEfInLG7q4n6GHQ9cDtxv/P6g==",
      "dependencies": {
        "object-assign": "^4",
        "vary": "^1"
      },
      "engines": {
        "node": ">= 0.10"
      }
    },
    "node_modules/js-tokens": {
      "version": "4.0.0",
      "resolved": "https://registry.npmjs.org/js-tokens/-/js-tokens-4.0.0.tgz",
      "integrity": "sha512-RdJUflcE3cUzKiMqQgsCu06FPu9UdIJO0beYbPhHN4k6apgJtifcoCtT9bcxOpYBtpD2kCM6Sbzg4CausW/PKQ=="
    },
    "node_modules/loose-envify": {
      "version": "1.4.0",
      "resolved": "https://registry.npmjs.org/loose-envify/-/loose-envify-1.4.0.tgz",
      "integrity": "sha512-lyuxPGr/Wfhrlem2CL/UcnUc1zcqKAImBDzukY7Y5F/yQiNdko6+fRLevlw1HgMySw7f611UIY408EtxRSoK3Q==",
      "dependencies": {
        "js-tokens": "^3.0.0 || ^4.0.0"
      },
      "bin": {
        "loose-envify": "cli.js"
      }
    },
    "node_modules/nanoid": {
      "version": "3.3.2",
      "resolved": "https://registry.npmjs.org/nanoid/-/nanoid-3.3.2.tgz",
      "integrity": "sha512-CuHBogktKwpm5g2sRgv83jEy2ijFzBwMoYA60orPDR7ynsLijJDqgsi4RDGj3OJpy3Ieb+LYwiRmIOGyytgITA==",
      "bin": {
        "nanoid": "bin/nanoid.cjs"
      },
      "engines": {
        "node": "^10 || ^12 || ^13.7 || ^14 || >=15.0.1"
      }
    },
    "node_modules/next": {
      "version": "12.1.5-canary.3",
      "resolved": "https://registry.npmjs.org/next/-/next-12.1.5-canary.3.tgz",
      "integrity": "sha512-up9GXlebBIR4kL7D9HnlK56Vj9IVZXLa5L8FKmNqF5oias8EqnrU2CRUjO/cinbxmmBqH780qSBFtZ6HzpoX5A==",
      "dependencies": {
        "@next/env": "12.1.5-canary.3",
        "caniuse-lite": "^1.0.30001283",
        "postcss": "8.4.5",
        "styled-jsx": "5.0.1"
      },
      "bin": {
        "next": "dist/bin/next"
      },
      "engines": {
        "node": ">=12.22.0"
      },
      "optionalDependencies": {
        "@next/swc-android-arm-eabi": "12.1.5-canary.3",
        "@next/swc-android-arm64": "12.1.5-canary.3",
        "@next/swc-darwin-arm64": "12.1.5-canary.3",
        "@next/swc-darwin-x64": "12.1.5-canary.3",
        "@next/swc-linux-arm-gnueabihf": "12.1.5-canary.3",
        "@next/swc-linux-arm64-gnu": "12.1.5-canary.3",
        "@next/swc-linux-arm64-musl": "12.1.5-canary.3",
        "@next/swc-linux-x64-gnu": "12.1.5-canary.3",
        "@next/swc-linux-x64-musl": "12.1.5-canary.3",
        "@next/swc-win32-arm64-msvc": "12.1.5-canary.3",
        "@next/swc-win32-ia32-msvc": "12.1.5-canary.3",
        "@next/swc-win32-x64-msvc": "12.1.5-canary.3"
      },
      "peerDependencies": {
        "fibers": ">= 3.1.0",
        "node-sass": "^6.0.0 || ^7.0.0",
        "react": "^17.0.2 || ^18.0.0-0",
        "react-dom": "^17.0.2 || ^18.0.0-0",
        "sass": "^1.3.0"
      },
      "peerDependenciesMeta": {
        "fibers": {
          "optional": true
        },
        "node-sass": {
          "optional": true
        },
        "sass": {
          "optional": true
        }
      }
    },
    "node_modules/object-assign": {
      "version": "4.1.1",
      "resolved": "https://registry.npmjs.org/object-assign/-/object-assign-4.1.1.tgz",
      "integrity": "sha1-IQmtx5ZYh8/AXLvUQsrIv7s2CGM=",
      "engines": {
        "node": ">=0.10.0"
      }
    },
    "node_modules/picocolors": {
      "version": "1.0.0",
      "resolved": "https://registry.npmjs.org/picocolors/-/picocolors-1.0.0.tgz",
      "integrity": "sha512-1fygroTLlHu66zi26VoTDv8yRgm0Fccecssto+MhsZ0D/DGW2sm8E8AjW7NU5VVTRt5GxbeZ5qBuJr+HyLYkjQ=="
    },
    "node_modules/postcss": {
      "version": "8.4.5",
      "resolved": "https://registry.npmjs.org/postcss/-/postcss-8.4.5.tgz",
      "integrity": "sha512-jBDboWM8qpaqwkMwItqTQTiFikhs/67OYVvblFFTM7MrZjt6yMKd6r2kgXizEbTTljacm4NldIlZnhbjr84QYg==",
      "dependencies": {
        "nanoid": "^3.1.30",
        "picocolors": "^1.0.0",
        "source-map-js": "^1.0.1"
      },
      "engines": {
        "node": "^10 || ^12 || >=14"
      },
      "funding": {
        "type": "opencollective",
        "url": "https://opencollective.com/postcss/"
      }
    },
    "node_modules/react": {
      "version": "18.1.0-next-fc47cb1b6-20220404",
      "resolved": "https://registry.npmjs.org/react/-/react-18.1.0-next-fc47cb1b6-20220404.tgz",
      "integrity": "sha512-M65kLxubFzA18EGgklwzKoU0xjepTkHxIRkomGOXkPmC9PACVjKbKChEwEdtHoidNM5bZCn+Sd2+KuvT9ECluA==",
      "dependencies": {
        "loose-envify": "^1.1.0"
      },
      "engines": {
        "node": ">=0.10.0"
      }
    },
    "node_modules/react-dom": {
      "version": "18.1.0-next-fc47cb1b6-20220404",
      "resolved": "https://registry.npmjs.org/react-dom/-/react-dom-18.1.0-next-fc47cb1b6-20220404.tgz",
      "integrity": "sha512-Tqa+KvPD5jza/6qeb88qbvvPZzxdlf6ypYQCO9+GtT9G6PaGJB3Pbabl1u9GZYwdY7qDgvJ5y0FxHUTvhutLlg==",
      "dependencies": {
        "loose-envify": "^1.1.0",
        "scheduler": "0.22.0-next-fc47cb1b6-20220404"
      },
      "peerDependencies": {
        "react": "18.1.0-next-fc47cb1b6-20220404"
      }
    },
    "node_modules/scheduler": {
      "version": "0.22.0-next-fc47cb1b6-20220404",
      "resolved": "https://registry.npmjs.org/scheduler/-/scheduler-0.22.0-next-fc47cb1b6-20220404.tgz",
      "integrity": "sha512-bYb82V8DQrVWQPQrs93vGyQMH+678OnhvDnXq6iCaP/q7N2wH9VRqg1TLRMUoHrmPdVunvvUDoVeVAGkWYMDUQ==",
      "dependencies": {
        "loose-envify": "^1.1.0"
      }
    },
    "node_modules/source-map-js": {
      "version": "1.0.2",
      "resolved": "https://registry.npmjs.org/source-map-js/-/source-map-js-1.0.2.tgz",
      "integrity": "sha512-R0XvVJ9WusLiqTCEiGCmICCMplcCkIwwR11mOSD9CR5u+IXYdiseeEuXCVAjS54zqwkLcPNnmU4OeJ6tUrWhDw==",
      "engines": {
        "node": ">=0.10.0"
      }
    },
    "node_modules/styled-jsx": {
      "version": "5.0.1",
      "resolved": "https://registry.npmjs.org/styled-jsx/-/styled-jsx-5.0.1.tgz",
      "integrity": "sha512-+PIZ/6Uk40mphiQJJI1202b+/dYeTVd9ZnMPR80pgiWbjIwvN2zIp4r9et0BgqBuShh48I0gttPlAXA7WVvBxw==",
      "engines": {
        "node": ">= 12.0.0"
      },
      "peerDependencies": {
        "react": ">= 16.8.0 || 17.x.x || ^18.0.0-0"
      },
      "peerDependenciesMeta": {
        "@babel/core": {
          "optional": true
        },
        "babel-plugin-macros": {
          "optional": true
        }
      }
    },
    "node_modules/swr": {
      "version": "1.2.2",
      "resolved": "https://registry.npmjs.org/swr/-/swr-1.2.2.tgz",
      "integrity": "sha512-ky0BskS/V47GpW8d6RU7CPsr6J8cr7mQD6+do5eky3bM0IyJaoi3vO8UhvrzJaObuTlGhPl2szodeB2dUd76Xw==",
      "peerDependencies": {
        "react": "^16.11.0 || ^17.0.0 || ^18.0.0"
      }
    },
    "node_modules/vary": {
      "version": "1.1.2",
      "resolved": "https://registry.npmjs.org/vary/-/vary-1.1.2.tgz",
      "integrity": "sha1-IpnwLG3tMNSllhsLn3RSShj2NPw=",
      "engines": {
        "node": ">= 0.8"
      }
    }
  },
  "dependencies": {
    "@next/env": {
      "version": "12.1.5-canary.3",
      "resolved": "https://registry.npmjs.org/@next/env/-/env-12.1.5-canary.3.tgz",
      "integrity": "sha512-8oxgSPYaoGY1AyCHKJIsyPoWM+LEimnxLnw0q5yfT+SEY7E8/vCcQRmZtn9SgijIc0t0wDHlYtVD0L9DCB8usg=="
    },
    "@next/swc-android-arm-eabi": {
      "version": "12.1.5-canary.3",
      "resolved": "https://registry.npmjs.org/@next/swc-android-arm-eabi/-/swc-android-arm-eabi-12.1.5-canary.3.tgz",
      "integrity": "sha512-EI7L9+1r29AHSUMdv+Kd9uqUQ8X+MeNwkmuDaEqCS36iHiKXmTL+t4gnMMCYGU0T07yKwku3RydDhpk4NzXyYw==",
      "optional": true
    },
    "@next/swc-android-arm64": {
      "version": "12.1.5-canary.3",
      "resolved": "https://registry.npmjs.org/@next/swc-android-arm64/-/swc-android-arm64-12.1.5-canary.3.tgz",
      "integrity": "sha512-1C0UP4CNDfunsdjJ1h8ByhO5Rda+CJwRI4/3m8lnYp1QekCi5l5GB3uXRTA584fu9iQUV0m4AwqJjbJy2XRZGw==",
      "optional": true
    },
    "@next/swc-darwin-arm64": {
      "version": "12.1.5-canary.3",
      "resolved": "https://registry.npmjs.org/@next/swc-darwin-arm64/-/swc-darwin-arm64-12.1.5-canary.3.tgz",
      "integrity": "sha512-0/tGblqyomguI0zcSPE+dThYAUzGt8eEiHiq227dGeBI3L/DJli7O9uzY2N1PR7qXMuSI6dioc5dqRtAXT886Q==",
      "optional": true
    },
    "@next/swc-darwin-x64": {
      "version": "12.1.5-canary.3",
      "resolved": "https://registry.npmjs.org/@next/swc-darwin-x64/-/swc-darwin-x64-12.1.5-canary.3.tgz",
      "integrity": "sha512-cD/wT73vnx8BpgGTH0qpN8N+MAWjQjLuzhjK68uFlBNQ4YBB9/CiJSlp+bBjLRllw3tMcFmDNKqpn/hLE2sjGg==",
      "optional": true
    },
    "@next/swc-linux-arm-gnueabihf": {
      "version": "12.1.5-canary.3",
      "resolved": "https://registry.npmjs.org/@next/swc-linux-arm-gnueabihf/-/swc-linux-arm-gnueabihf-12.1.5-canary.3.tgz",
      "integrity": "sha512-9lWDlhrXJLY2pku/qP8MTqsLRO7eR62kbr+N5UvKXuUCuiky3DoSBL0ppWSBlKTS7mftZjy8AmX5GKPq3KQOCQ==",
      "optional": true
    },
    "@next/swc-linux-arm64-gnu": {
      "version": "12.1.5-canary.3",
      "resolved": "https://registry.npmjs.org/@next/swc-linux-arm64-gnu/-/swc-linux-arm64-gnu-12.1.5-canary.3.tgz",
      "integrity": "sha512-BhVlu7WYQYqadtex5wQdNE2WPvnkZjkvt6ZDD+lr9BnddxjUqnG0cpSCwyaYMUwib2efRslCaDAElkfTwWH6Gw==",
      "optional": true
    },
    "@next/swc-linux-arm64-musl": {
      "version": "12.1.5-canary.3",
      "resolved": "https://registry.npmjs.org/@next/swc-linux-arm64-musl/-/swc-linux-arm64-musl-12.1.5-canary.3.tgz",
      "integrity": "sha512-iULGOQHYEgcaXE4aXuH7/KlOk2SPBUNIQC2HlqS3qMoW8T8I+v4cIz6B6S1uywXjaJD/RGKiDNsNX8w5gUGIZA==",
      "optional": true
    },
    "@next/swc-linux-x64-gnu": {
      "version": "12.1.5-canary.3",
      "resolved": "https://registry.npmjs.org/@next/swc-linux-x64-gnu/-/swc-linux-x64-gnu-12.1.5-canary.3.tgz",
      "integrity": "sha512-1FztGThf+Q6sB+jDnwsFB25kdKFSDSQy9OmnYguf+KbDcDoDDcTLsulGhZ7F2/eIOI6/QW6OM3q2OdI3JseYpg==",
      "optional": true
    },
    "@next/swc-linux-x64-musl": {
      "version": "12.1.5-canary.3",
      "resolved": "https://registry.npmjs.org/@next/swc-linux-x64-musl/-/swc-linux-x64-musl-12.1.5-canary.3.tgz",
      "integrity": "sha512-XPEbvsa9uZc8gBI1ytNrxRAw8PhazckeYtDMggeqDTSQznCp9ba+dZ7CzCHHpf9X0HVRqQdF1MZ7Y52ji3PH8Q==",
      "optional": true
    },
    "@next/swc-win32-arm64-msvc": {
      "version": "12.1.5-canary.3",
      "resolved": "https://registry.npmjs.org/@next/swc-win32-arm64-msvc/-/swc-win32-arm64-msvc-12.1.5-canary.3.tgz",
      "integrity": "sha512-1ehsnGq+DB5Ncd6aUjYl9+9DR/qvbR6BwMtSwvkOx4ZrrNyzP5CxH/wYtmevc5Rb9MovN+IphYUUuQELvwsIPQ==",
      "optional": true
    },
    "@next/swc-win32-ia32-msvc": {
      "version": "12.1.5-canary.3",
      "resolved": "https://registry.npmjs.org/@next/swc-win32-ia32-msvc/-/swc-win32-ia32-msvc-12.1.5-canary.3.tgz",
      "integrity": "sha512-5R/MLYxGNHisQOSd9vQCJL9qwGq6P9dN6k4ZtIa3z2r//bCRNPjNK7odMSasamMmzMD9e8N6k601U01K2rh4BQ==",
      "optional": true
    },
    "@next/swc-win32-x64-msvc": {
      "version": "12.1.5-canary.3",
      "resolved": "https://registry.npmjs.org/@next/swc-win32-x64-msvc/-/swc-win32-x64-msvc-12.1.5-canary.3.tgz",
      "integrity": "sha512-xTASNc87iWMtNdpyKgTm91Z4+1EzkQH9K2HmktkyPYtGP5ZzIbvzUQ64TzFo+XemtOrTlYsTuagpEB0fouXD6w==",
      "optional": true
    },
    "caniuse-lite": {
      "version": "1.0.30001322",
      "resolved": "https://registry.npmjs.org/caniuse-lite/-/caniuse-lite-1.0.30001322.tgz",
      "integrity": "sha512-neRmrmIrCGuMnxGSoh+x7zYtQFFgnSY2jaomjU56sCkTA6JINqQrxutF459JpWcWRajvoyn95sOXq4Pqrnyjew=="
    },
    "cors": {
      "version": "2.8.5",
      "resolved": "https://registry.npmjs.org/cors/-/cors-2.8.5.tgz",
      "integrity": "sha512-KIHbLJqu73RGr/hnbrO9uBeixNGuvSQjul/jdFvS/KFSIH1hWVd1ng7zOHx+YrEfInLG7q4n6GHQ9cDtxv/P6g==",
      "requires": {
        "object-assign": "^4",
        "vary": "^1"
      }
    },
    "js-tokens": {
      "version": "4.0.0",
      "resolved": "https://registry.npmjs.org/js-tokens/-/js-tokens-4.0.0.tgz",
      "integrity": "sha512-RdJUflcE3cUzKiMqQgsCu06FPu9UdIJO0beYbPhHN4k6apgJtifcoCtT9bcxOpYBtpD2kCM6Sbzg4CausW/PKQ=="
    },
    "loose-envify": {
      "version": "1.4.0",
      "resolved": "https://registry.npmjs.org/loose-envify/-/loose-envify-1.4.0.tgz",
      "integrity": "sha512-lyuxPGr/Wfhrlem2CL/UcnUc1zcqKAImBDzukY7Y5F/yQiNdko6+fRLevlw1HgMySw7f611UIY408EtxRSoK3Q==",
      "requires": {
        "js-tokens": "^3.0.0 || ^4.0.0"
      }
    },
    "nanoid": {
      "version": "3.3.2",
      "resolved": "https://registry.npmjs.org/nanoid/-/nanoid-3.3.2.tgz",
      "integrity": "sha512-CuHBogktKwpm5g2sRgv83jEy2ijFzBwMoYA60orPDR7ynsLijJDqgsi4RDGj3OJpy3Ieb+LYwiRmIOGyytgITA=="
    },
    "next": {
      "version": "12.1.5-canary.3",
      "resolved": "https://registry.npmjs.org/next/-/next-12.1.5-canary.3.tgz",
      "integrity": "sha512-up9GXlebBIR4kL7D9HnlK56Vj9IVZXLa5L8FKmNqF5oias8EqnrU2CRUjO/cinbxmmBqH780qSBFtZ6HzpoX5A==",
      "requires": {
        "@next/env": "12.1.5-canary.3",
        "@next/swc-android-arm-eabi": "12.1.5-canary.3",
        "@next/swc-android-arm64": "12.1.5-canary.3",
        "@next/swc-darwin-arm64": "12.1.5-canary.3",
        "@next/swc-darwin-x64": "12.1.5-canary.3",
        "@next/swc-linux-arm-gnueabihf": "12.1.5-canary.3",
        "@next/swc-linux-arm64-gnu": "12.1.5-canary.3",
        "@next/swc-linux-arm64-musl": "12.1.5-canary.3",
        "@next/swc-linux-x64-gnu": "12.1.5-canary.3",
        "@next/swc-linux-x64-musl": "12.1.5-canary.3",
        "@next/swc-win32-arm64-msvc": "12.1.5-canary.3",
        "@next/swc-win32-ia32-msvc": "12.1.5-canary.3",
        "@next/swc-win32-x64-msvc": "12.1.5-canary.3",
        "caniuse-lite": "^1.0.30001283",
        "postcss": "8.4.5",
        "styled-jsx": "5.0.1"
      }
    },
    "object-assign": {
      "version": "4.1.1",
      "resolved": "https://registry.npmjs.org/object-assign/-/object-assign-4.1.1.tgz",
      "integrity": "sha1-IQmtx5ZYh8/AXLvUQsrIv7s2CGM="
    },
    "picocolors": {
      "version": "1.0.0",
      "resolved": "https://registry.npmjs.org/picocolors/-/picocolors-1.0.0.tgz",
      "integrity": "sha512-1fygroTLlHu66zi26VoTDv8yRgm0Fccecssto+MhsZ0D/DGW2sm8E8AjW7NU5VVTRt5GxbeZ5qBuJr+HyLYkjQ=="
    },
    "postcss": {
      "version": "8.4.5",
      "resolved": "https://registry.npmjs.org/postcss/-/postcss-8.4.5.tgz",
      "integrity": "sha512-jBDboWM8qpaqwkMwItqTQTiFikhs/67OYVvblFFTM7MrZjt6yMKd6r2kgXizEbTTljacm4NldIlZnhbjr84QYg==",
      "requires": {
        "nanoid": "^3.1.30",
        "picocolors": "^1.0.0",
        "source-map-js": "^1.0.1"
      }
    },
    "react": {
      "version": "18.1.0-next-fc47cb1b6-20220404",
      "resolved": "https://registry.npmjs.org/react/-/react-18.1.0-next-fc47cb1b6-20220404.tgz",
      "integrity": "sha512-M65kLxubFzA18EGgklwzKoU0xjepTkHxIRkomGOXkPmC9PACVjKbKChEwEdtHoidNM5bZCn+Sd2+KuvT9ECluA==",
      "requires": {
        "loose-envify": "^1.1.0"
      }
    },
    "react-dom": {
      "version": "18.1.0-next-fc47cb1b6-20220404",
      "resolved": "https://registry.npmjs.org/react-dom/-/react-dom-18.1.0-next-fc47cb1b6-20220404.tgz",
      "integrity": "sha512-Tqa+KvPD5jza/6qeb88qbvvPZzxdlf6ypYQCO9+GtT9G6PaGJB3Pbabl1u9GZYwdY7qDgvJ5y0FxHUTvhutLlg==",
      "requires": {
        "loose-envify": "^1.1.0",
        "scheduler": "0.22.0-next-fc47cb1b6-20220404"
      }
    },
    "scheduler": {
      "version": "0.22.0-next-fc47cb1b6-20220404",
      "resolved": "https://registry.npmjs.org/scheduler/-/scheduler-0.22.0-next-fc47cb1b6-20220404.tgz",
      "integrity": "sha512-bYb82V8DQrVWQPQrs93vGyQMH+678OnhvDnXq6iCaP/q7N2wH9VRqg1TLRMUoHrmPdVunvvUDoVeVAGkWYMDUQ==",
      "requires": {
        "loose-envify": "^1.1.0"
      }
    },
    "source-map-js": {
      "version": "1.0.2",
      "resolved": "https://registry.npmjs.org/source-map-js/-/source-map-js-1.0.2.tgz",
      "integrity": "sha512-R0XvVJ9WusLiqTCEiGCmICCMplcCkIwwR11mOSD9CR5u+IXYdiseeEuXCVAjS54zqwkLcPNnmU4OeJ6tUrWhDw=="
    },
    "styled-jsx": {
      "version": "5.0.1",
      "resolved": "https://registry.npmjs.org/styled-jsx/-/styled-jsx-5.0.1.tgz",
      "integrity": "sha512-+PIZ/6Uk40mphiQJJI1202b+/dYeTVd9ZnMPR80pgiWbjIwvN2zIp4r9et0BgqBuShh48I0gttPlAXA7WVvBxw==",
      "requires": {}
    },
    "swr": {
      "version": "1.2.2",
      "resolved": "https://registry.npmjs.org/swr/-/swr-1.2.2.tgz",
      "integrity": "sha512-ky0BskS/V47GpW8d6RU7CPsr6J8cr7mQD6+do5eky3bM0IyJaoi3vO8UhvrzJaObuTlGhPl2szodeB2dUd76Xw==",
      "requires": {}
    },
    "vary": {
      "version": "1.1.2",
      "resolved": "https://registry.npmjs.org/vary/-/vary-1.1.2.tgz",
      "integrity": "sha1-IpnwLG3tMNSllhsLn3RSShj2NPw="
    }
  }
}
